PODS:
  - KRActivityIndicatorView (3.0.5)
  - KRProgressHUD (3.4.5):
    - KRActivityIndicatorView (= 3.0.5)
  - SDWebImage (5.8.4):
    - SDWebImage/Core (= 5.8.4)
  - SDWebImage/Core (5.8.4)

DEPENDENCIES:
  - KRProgressHUD
  - SDWebImage

SPEC REPOS:
  trunk:
    - KRActivityIndicatorView
    - KRProgressHUD
    - SDWebImage

SPEC CHECKSUMS:
  KRActivityIndicatorView: 912bc0413d98340f384b12a4e1e6aa8f42fb377d
  KRProgressHUD: df4cdc3a1baf708d4276a089ee34d133fa9a6f3e
  SDWebImage: cf6922231e95550934da2ada0f20f2becf2ceba9

PODFILE CHECKSUM: 619100a00ebf9f8722122f6507b33d30640f8262

COCOAPODS: 1.9.3
